{
  "name": "rclone-config-builder",
  "version": "1.0.0",
  "lockfileVersion": 2,
  "requires": true,
  "packages": {
    "": {
      "name": "rclone-config-builder",
      "version": "1.0.0",
      "license": "MIT",
      "dependencies": {
        "@ungap/structured-clone": "^1.0.1"
      }
    },
    "node_modules/@ungap/structured-clone": {
      "version": "1.0.1",
      "resolved": "https://registry.npmjs.org/@ungap/structured-clone/-/structured-clone-1.0.1.tgz",
      "integrity": "sha512-zKVyTt6rELvPXYwcVPTJcPFtY0AckN5A7xWuc7owBqR0FdtuDYhE9MZZUi6IY1kZUQFSXV1B3UOOIyLkVHYd2w=="
    }
  },
  "dependencies": {
    "@ungap/structured-clone": {
      "version": "1.0.1",
      "resolved": "https://registry.npmjs.org/@ungap/structured-clone/-/structured-clone-1.0.1.tgz",
      "integrity": "sha512-zKVyTt6rELvPXYwcVPTJcPFtY0AckN5A7xWuc7owBqR0FdtuDYhE9MZZUi6IY1kZUQFSXV1B3UOOIyLkVHYd2w=="
    }
  }
}
